
Microsoft Visual Studio Solution File, Format Version 12.00
# Visual Studio Version 16
VisualStudioVersion = 16.0.30907.101
MinimumVisualStudioVersion = 10.0.40219.1
Project("{FAE04EC0-301F-11D3-BF4B-00C04F79EFBC}") = "calculadora", "calculadora\calculadora.csproj", "{CCA4BA21-7F12-44E3-8899-18C09C2AF885}"
EndProject
Global
	GlobalSection(SolutionConfigurationPlatforms) = preSolution
		Debug|Any CPU = Debug|Any CPU
		Release|Any CPU = Release|Any CPU
	EndGlobalSection
	GlobalSection(ProjectConfigurationPlatforms) = postSolution
		{CCA4BA21-7F12-44E3-8899-18C09C2AF885}.Debug|Any CPU.ActiveCfg = Debug|Any CPU
		{CCA4BA21-7F12-44E3-8899-18C09C2AF885}.Debug|Any CPU.Build.0 = Debug|Any CPU
		{CCA4BA21-7F12-44E3-8899-18C09C2AF885}.Release|Any CPU.ActiveCfg = Release|Any CPU
		{CCA4BA21-7F12-44E3-8899-18C09C2AF885}.Release|Any CPU.Build.0 = Release|Any CPU
	EndGlobalSection
	GlobalSection(SolutionProperties) = preSolution
		HideSolutionNode = FALSE
	EndGlobalSection
	GlobalSection(ExtensibilityGlobals) = postSolution
		SolutionGuid = {6AB3FC75-BA7D-457F-B61A-EDA44FF0AFA4}
	EndGlobalSection
EndGlobal
